
Microsoft Visual Studio Solution File, Format Version 12.00
# Visual Studio Version 16
VisualStudioVersion = 16.0.30517.126
MinimumVisualStudioVersion = 10.0.40219.1
Project("{FAE04EC0-301F-11D3-BF4B-00C04F79EFBC}") = "ERUKUPSISTEMI", "ERUKUPSISTEMI.csproj", "{31DF3100-F885-4FDD-AA1E-46270F7DD25D}"
EndProject
Global
	GlobalSection(SolutionConfigurationPlatforms) = preSolution
		Debug|Any CPU = Debug|Any CPU
		Release|Any CPU = Release|Any CPU
	EndGlobalSection
	GlobalSection(ProjectConfigurationPlatforms) = postSolution
		{31DF3100-F885-4FDD-AA1E-46270F7DD25D}.Debug|Any CPU.ActiveCfg = Debug|Any CPU
		{31DF3100-F885-4FDD-AA1E-46270F7DD25D}.Debug|Any CPU.Build.0 = Debug|Any CPU
		{31DF3100-F885-4FDD-AA1E-46270F7DD25D}.Release|Any CPU.ActiveCfg = Release|Any CPU
		{31DF3100-F885-4FDD-AA1E-46270F7DD25D}.Release|Any CPU.Build.0 = Release|Any CPU
	EndGlobalSection
	GlobalSection(SolutionProperties) = preSolution
		HideSolutionNode = FALSE
	EndGlobalSection
	GlobalSection(ExtensibilityGlobals) = postSolution
		SolutionGuid = {1ADE4BDC-C706-467D-8329-63DDA74D7444}
	EndGlobalSection
EndGlobal
